{
  "name": "2019-06-08.nodejs",
  "version": "1.0.0",
  "lockfileVersion": 1,
  "requires": true,
  "dependencies": {
    "fs": {
      "version": "0.0.1-security",
      "resolved": "http://r.cnpmjs.org/fs/download/fs-0.0.1-security.tgz",
      "integrity": "sha1-invTcYa23d84E/I4WLV+yq9eQdQ="
    },
    "fs-readfile-promise": {
      "version": "3.0.1",
      "resolved": "http://r.cnpmjs.org/fs-readfile-promise/download/fs-readfile-promise-3.0.1.tgz",
      "integrity": "sha1-0NMHt/au38kgwx+m5XEu+qKXyVg=",
      "requires": {
        "graceful-fs": "^4.1.11"
      }
    },
    "graceful-fs": {
      "version": "4.1.15",
      "resolved": "http://r.cnpmjs.org/graceful-fs/download/graceful-fs-4.1.15.tgz",
      "integrity": "sha1-/7cD4QZuig7qpMi4C6klPu77+wA="
    }
  }
}
